
Microsoft Visual Studio Solution File, Format Version 12.00
# Visual Studio Version 17
VisualStudioVersion = 17.11.35303.130
MinimumVisualStudioVersion = 10.0.40219.1
Project("{FAE04EC0-301F-11D3-BF4B-00C04F79EFBC}") = "NotiAdmin", "NotiAdmin.csproj", "{FCCD0ADF-B8F6-40CF-B3E9-CE5C876AA2C0}"
EndProject
Global
	GlobalSection(SolutionConfigurationPlatforms) = preSolution
		Debug|Any CPU = Debug|Any CPU
		Release|Any CPU = Release|Any CPU
	EndGlobalSection
	GlobalSection(ProjectConfigurationPlatforms) = postSolution
		{FCCD0ADF-B8F6-40CF-B3E9-CE5C876AA2C0}.Debug|Any CPU.ActiveCfg = Debug|Any CPU
		{FCCD0ADF-B8F6-40CF-B3E9-CE5C876AA2C0}.Debug|Any CPU.Build.0 = Debug|Any CPU
		{FCCD0ADF-B8F6-40CF-B3E9-CE5C876AA2C0}.Release|Any CPU.ActiveCfg = Release|Any CPU
		{FCCD0ADF-B8F6-40CF-B3E9-CE5C876AA2C0}.Release|Any CPU.Build.0 = Release|Any CPU
	EndGlobalSection
	GlobalSection(SolutionProperties) = preSolution
		HideSolutionNode = FALSE
	EndGlobalSection
	GlobalSection(ExtensibilityGlobals) = postSolution
		SolutionGuid = {3A089C38-DF67-492C-A77D-74DC05D1365D}
	EndGlobalSection
EndGlobal
